{
  "name": "gcoord",
  "version": "1.0.0",
  "lockfileVersion": 3,
  "requires": true,
  "packages": {
    "": {
      "name": "gcoord",
      "version": "1.0.0",
      "license": "ISC",
      "dependencies": {
        "gcoord": "^1.0.7"
      }
    },
    "node_modules/gcoord": {
      "version": "1.0.7",
      "resolved": "https://registry.npmmirror.com/gcoord/-/gcoord-1.0.7.tgz",
      "integrity": "sha512-UCN2iSm69jBOYz2ma2eg5I5imp65Cj70rcTTfMNSNMvZpR1U6oGjmVh080aCvC/6lN1ClkuOoBeaLuebw9AZJg==",
      "engines": {
        "node": ">=16.11.0"
      }
    }
  }
}
